
Microsoft Visual Studio Solution File, Format Version 12.00
# Visual Studio Version 17
VisualStudioVersion = 17.5.33502.453
MinimumVisualStudioVersion = 10.0.40219.1
Project("{FAE04EC0-301F-11D3-BF4B-00C04F79EFBC}") = "API_PROJECT", "API_PROJECT\API_PROJECT.csproj", "{65476B89-A801-4D0D-91A9-E1FD03E8850C}"
EndProject
Global
	GlobalSection(SolutionConfigurationPlatforms) = preSolution
		Debug|Any CPU = Debug|Any CPU
		Release|Any CPU = Release|Any CPU
	EndGlobalSection
	GlobalSection(ProjectConfigurationPlatforms) = postSolution
		{65476B89-A801-4D0D-91A9-E1FD03E8850C}.Debug|Any CPU.ActiveCfg = Debug|Any CPU
		{65476B89-A801-4D0D-91A9-E1FD03E8850C}.Debug|Any CPU.Build.0 = Debug|Any CPU
		{65476B89-A801-4D0D-91A9-E1FD03E8850C}.Release|Any CPU.ActiveCfg = Release|Any CPU
		{65476B89-A801-4D0D-91A9-E1FD03E8850C}.Release|Any CPU.Build.0 = Release|Any CPU
	EndGlobalSection
	GlobalSection(SolutionProperties) = preSolution
		HideSolutionNode = FALSE
	EndGlobalSection
	GlobalSection(ExtensibilityGlobals) = postSolution
		SolutionGuid = {A62C9F99-F3C9-478D-BDA2-755273934829}
	EndGlobalSection
EndGlobal
